
Microsoft Visual Studio Solution File, Format Version 12.00
# Visual Studio 2013
VisualStudioVersion = 12.0.31101.0
MinimumVisualStudioVersion = 10.0.40219.1
Project("{262852C6-CD72-467D-83FE-5EEB1973A190}") = "CodeDay2015Sp", "ohdh\CodeDay2015Sp.jsproj", "{E6EA56CA-2F0C-4099-AD79-03173BF8457B}"
EndProject
Global
	GlobalSection(SolutionConfigurationPlatforms) = preSolution
		Debug WPhone8|Android = Debug WPhone8|Android
		Debug WPhone8|iOS = Debug WPhone8|iOS
		Debug WPhone8|Windows Phone = Debug WPhone8|Windows Phone
		Debug WPhone8|Windows-AnyCPU = Debug WPhone8|Windows-AnyCPU
		Debug WPhone8|Windows-ARM = Debug WPhone8|Windows-ARM
		Debug WPhone8|Windows-x64 = Debug WPhone8|Windows-x64
		Debug WPhone8|Windows-x86 = Debug WPhone8|Windows-x86
		Debug|Android = Debug|Android
		Debug|iOS = Debug|iOS
		Debug|Windows Phone = Debug|Windows Phone
		Debug|Windows-AnyCPU = Debug|Windows-AnyCPU
		Debug|Windows-ARM = Debug|Windows-ARM
		Debug|Windows-x64 = Debug|Windows-x64
		Debug|Windows-x86 = Debug|Windows-x86
		Distribution|Android = Distribution|Android
		Distribution|iOS = Distribution|iOS
		Distribution|Windows Phone = Distribution|Windows Phone
		Distribution|Windows-AnyCPU = Distribution|Windows-AnyCPU
		Distribution|Windows-ARM = Distribution|Windows-ARM
		Distribution|Windows-x64 = Distribution|Windows-x64
		Distribution|Windows-x86 = Distribution|Windows-x86
		Release|Android = Release|Android
		Release|iOS = Release|iOS
		Release|Windows Phone = Release|Windows Phone
		Release|Windows-AnyCPU = Release|Windows-AnyCPU
		Release|Windows-ARM = Release|Windows-ARM
		Release|Windows-x64 = Release|Windows-x64
		Release|Windows-x86 = Release|Windows-x86
	EndGlobalSection
	GlobalSection(ProjectConfigurationPlatforms) = postSolution
		{E6EA56CA-2F0C-4099-AD79-03173BF8457B}.Debug WPhone8|Android.ActiveCfg = Debug WPhone8|Android
		{E6EA56CA-2F0C-4099-AD79-03173BF8457B}.Debug WPhone8|Android.Build.0 = Debug WPhone8|Android
		{E6EA56CA-2F0C-4099-AD79-03173BF8457B}.Debug WPhone8|Android.Deploy.0 = Debug WPhone8|Android
		{E6EA56CA-2F0C-4099-AD79-03173BF8457B}.Debug WPhone8|iOS.ActiveCfg = Debug WPhone8|iOS
		{E6EA56CA-2F0C-4099-AD79-03173BF8457B}.Debug WPhone8|iOS.Build.0 = Debug WPhone8|iOS
		{E6EA56CA-2F0C-4099-AD79-03173BF8457B}.Debug WPhone8|iOS.Deploy.0 = Debug WPhone8|iOS
		{E6EA56CA-2F0C-4099-AD79-03173BF8457B}.Debug WPhone8|Windows Phone.ActiveCfg = Debug WPhone8|Windows Phone
		{E6EA56CA-2F0C-4099-AD79-03173BF8457B}.Debug WPhone8|Windows Phone.Build.0 = Debug WPhone8|Windows Phone
		{E6EA56CA-2F0C-4099-AD79-03173BF8457B}.Debug WPhone8|Windows Phone.Deploy.0 = Debug WPhone8|Windows Phone
		{E6EA56CA-2F0C-4099-AD79-03173BF8457B}.Debug WPhone8|Windows-AnyCPU.ActiveCfg = Debug WPhone8|Windows-AnyCPU
		{E6EA56CA-2F0C-4099-AD79-03173BF8457B}.Debug WPhone8|Windows-AnyCPU.Build.0 = Debug WPhone8|Windows-AnyCPU
		{E6EA56CA-2F0C-4099-AD79-03173BF8457B}.Debug WPhone8|Windows-AnyCPU.Deploy.0 = Debug WPhone8|Windows-AnyCPU
		{E6EA56CA-2F0C-4099-AD79-03173BF8457B}.Debug WPhone8|Windows-ARM.ActiveCfg = Debug WPhone8|Windows-ARM
		{E6EA56CA-2F0C-4099-AD79-03173BF8457B}.Debug WPhone8|Windows-ARM.Build.0 = Debug WPhone8|Windows-ARM
		{E6EA56CA-2F0C-4099-AD79-03173BF8457B}.Debug WPhone8|Windows-ARM.Deploy.0 = Debug WPhone8|Windows-ARM
		{E6EA56CA-2F0C-4099-AD79-03173BF8457B}.Debug WPhone8|Windows-x64.ActiveCfg = Debug WPhone8|Windows Phone
		{E6EA56CA-2F0C-4099-AD79-03173BF8457B}.Debug WPhone8|Windows-x64.Build.0 = Debug WPhone8|Windows Phone
		{E6EA56CA-2F0C-4099-AD79-03173BF8457B}.Debug WPhone8|Windows-x64.Deploy.0 = Debug WPhone8|Windows Phone
		{E6EA56CA-2F0C-4099-AD79-03173BF8457B}.Debug WPhone8|Windows-x86.ActiveCfg = Debug WPhone8|Windows-x86
		{E6EA56CA-2F0C-4099-AD79-03173BF8457B}.Debug WPhone8|Windows-x86.Build.0 = Debug WPhone8|Windows-x86
		{E6EA56CA-2F0C-4099-AD79-03173BF8457B}.Debug WPhone8|Windows-x86.Deploy.0 = Debug WPhone8|Windows-x86
		{E6EA56CA-2F0C-4099-AD79-03173BF8457B}.Debug|Android.ActiveCfg = Debug|Windows-x64
		{E6EA56CA-2F0C-4099-AD79-03173BF8457B}.Debug|Android.Build.0 = Debug|Windows-x64
		{E6EA56CA-2F0C-4099-AD79-03173BF8457B}.Debug|Android.Deploy.0 = Debug|Windows-x64
		{E6EA56CA-2F0C-4099-AD79-03173BF8457B}.Debug|iOS.ActiveCfg = Debug|iOS
		{E6EA56CA-2F0C-4099-AD79-03173BF8457B}.Debug|iOS.Build.0 = Debug|iOS
		{E6EA56CA-2F0C-4099-AD79-03173BF8457B}.Debug|iOS.Deploy.0 = Debug|iOS
		{E6EA56CA-2F0C-4099-AD79-03173BF8457B}.Debug|Windows Phone.ActiveCfg = Debug|Windows Phone
		{E6EA56CA-2F0C-4099-AD79-03173BF8457B}.Debug|Windows Phone.Build.0 = Debug|Windows Phone
		{E6EA56CA-2F0C-4099-AD79-03173BF8457B}.Debug|Windows Phone.Deploy.0 = Debug|Windows Phone
		{E6EA56CA-2F0C-4099-AD79-03173BF8457B}.Debug|Windows-AnyCPU.ActiveCfg = Debug|Windows-AnyCPU
		{E6EA56CA-2F0C-4099-AD79-03173BF8457B}.Debug|Windows-AnyCPU.Build.0 = Debug|Windows-AnyCPU
		{E6EA56CA-2F0C-4099-AD79-03173BF8457B}.Debug|Windows-AnyCPU.Deploy.0 = Debug|Windows-AnyCPU
		{E6EA56CA-2F0C-4099-AD79-03173BF8457B}.Debug|Windows-ARM.ActiveCfg = Debug|Windows-ARM
		{E6EA56CA-2F0C-4099-AD79-03173BF8457B}.Debug|Windows-ARM.Build.0 = Debug|Windows-ARM
		{E6EA56CA-2F0C-4099-AD79-03173BF8457B}.Debug|Windows-ARM.Deploy.0 = Debug|Windows-ARM
		{E6EA56CA-2F0C-4099-AD79-03173BF8457B}.Debug|Windows-x64.ActiveCfg = Debug|Windows-x64
		{E6EA56CA-2F0C-4099-AD79-03173BF8457B}.Debug|Windows-x64.Build.0 = Debug|Windows-x64
		{E6EA56CA-2F0C-4099-AD79-03173BF8457B}.Debug|Windows-x64.Deploy.0 = Debug|Windows-x64
		{E6EA56CA-2F0C-4099-AD79-03173BF8457B}.Debug|Windows-x86.ActiveCfg = Debug|Windows-x86
		{E6EA56CA-2F0C-4099-AD79-03173BF8457B}.Debug|Windows-x86.Build.0 = Debug|Windows-x86
		{E6EA56CA-2F0C-4099-AD79-03173BF8457B}.Debug|Windows-x86.Deploy.0 = Debug|Windows-x86
		{E6EA56CA-2F0C-4099-AD79-03173BF8457B}.Distribution|Android.ActiveCfg = Distribution|Android
		{E6EA56CA-2F0C-4099-AD79-03173BF8457B}.Distribution|Android.Build.0 = Distribution|Android
		{E6EA56CA-2F0C-4099-AD79-03173BF8457B}.Distribution|Android.Deploy.0 = Distribution|Android
		{E6EA56CA-2F0C-4099-AD79-03173BF8457B}.Distribution|iOS.ActiveCfg = Distribution|iOS
		{E6EA56CA-2F0C-4099-AD79-03173BF8457B}.Distribution|iOS.Build.0 = Distribution|iOS
		{E6EA56CA-2F0C-4099-AD79-03173BF8457B}.Distribution|iOS.Deploy.0 = Distribution|iOS
		{E6EA56CA-2F0C-4099-AD79-03173BF8457B}.Distribution|Windows Phone.ActiveCfg = Distribution|Windows Phone
		{E6EA56CA-2F0C-4099-AD79-03173BF8457B}.Distribution|Windows Phone.Build.0 = Distribution|Windows Phone
		{E6EA56CA-2F0C-4099-AD79-03173BF8457B}.Distribution|Windows Phone.Deploy.0 = Distribution|Windows Phone
		{E6EA56CA-2F0C-4099-AD79-03173BF8457B}.Distribution|Windows-AnyCPU.ActiveCfg = Distribution|Windows-AnyCPU
		{E6EA56CA-2F0C-4099-AD79-03173BF8457B}.Distribution|Windows-AnyCPU.Build.0 = Distribution|Windows-AnyCPU
		{E6EA56CA-2F0C-4099-AD79-03173BF8457B}.Distribution|Windows-AnyCPU.Deploy.0 = Distribution|Windows-AnyCPU
		{E6EA56CA-2F0C-4099-AD79-03173BF8457B}.Distribution|Windows-ARM.ActiveCfg = Distribution|Windows-ARM
		{E6EA56CA-2F0C-4099-AD79-03173BF8457B}.Distribution|Windows-ARM.Build.0 = Distribution|Windows-ARM
		{E6EA56CA-2F0C-4099-AD79-03173BF8457B}.Distribution|Windows-ARM.Deploy.0 = Distribution|Windows-ARM
		{E6EA56CA-2F0C-4099-AD79-03173BF8457B}.Distribution|Windows-x64.ActiveCfg = Distribution|Windows-x64
		{E6EA56CA-2F0C-4099-AD79-03173BF8457B}.Distribution|Windows-x64.Build.0 = Distribution|Windows-x64
		{E6EA56CA-2F0C-4099-AD79-03173BF8457B}.Distribution|Windows-x64.Deploy.0 = Distribution|Windows-x64
		{E6EA56CA-2F0C-4099-AD79-03173BF8457B}.Distribution|Windows-x86.ActiveCfg = Distribution|Windows-x86
		{E6EA56CA-2F0C-4099-AD79-03173BF8457B}.Distribution|Windows-x86.Build.0 = Distribution|Windows-x86
		{E6EA56CA-2F0C-4099-AD79-03173BF8457B}.Distribution|Windows-x86.Deploy.0 = Distribution|Windows-x86
		{E6EA56CA-2F0C-4099-AD79-03173BF8457B}.Release|Android.ActiveCfg = Release|Android
		{E6EA56CA-2F0C-4099-AD79-03173BF8457B}.Release|Android.Build.0 = Release|Android
		{E6EA56CA-2F0C-4099-AD79-03173BF8457B}.Release|Android.Deploy.0 = Release|Android
		{E6EA56CA-2F0C-4099-AD79-03173BF8457B}.Release|iOS.ActiveCfg = Release|iOS
		{E6EA56CA-2F0C-4099-AD79-03173BF8457B}.Release|iOS.Build.0 = Release|iOS
		{E6EA56CA-2F0C-4099-AD79-03173BF8457B}.Release|iOS.Deploy.0 = Release|iOS
		{E6EA56CA-2F0C-4099-AD79-03173BF8457B}.Release|Windows Phone.ActiveCfg = Release|Windows Phone
		{E6EA56CA-2F0C-4099-AD79-03173BF8457B}.Release|Windows Phone.Build.0 = Release|Windows Phone
		{E6EA56CA-2F0C-4099-AD79-03173BF8457B}.Release|Windows Phone.Deploy.0 = Release|Windows Phone
		{E6EA56CA-2F0C-4099-AD79-03173BF8457B}.Release|Windows-AnyCPU.ActiveCfg = Release|Windows-AnyCPU
		{E6EA56CA-2F0C-4099-AD79-03173BF8457B}.Release|Windows-AnyCPU.Build.0 = Release|Windows-AnyCPU
		{E6EA56CA-2F0C-4099-AD79-03173BF8457B}.Release|Windows-AnyCPU.Deploy.0 = Release|Windows-AnyCPU
		{E6EA56CA-2F0C-4099-AD79-03173BF8457B}.Release|Windows-ARM.ActiveCfg = Release|Windows-ARM
		{E6EA56CA-2F0C-4099-AD79-03173BF8457B}.Release|Windows-ARM.Build.0 = Release|Windows-ARM
		{E6EA56CA-2F0C-4099-AD79-03173BF8457B}.Release|Windows-ARM.Deploy.0 = Release|Windows-ARM
		{E6EA56CA-2F0C-4099-AD79-03173BF8457B}.Release|Windows-x64.ActiveCfg = Release|Windows-x64
		{E6EA56CA-2F0C-4099-AD79-03173BF8457B}.Release|Windows-x64.Build.0 = Release|Windows-x64
		{E6EA56CA-2F0C-4099-AD79-03173BF8457B}.Release|Windows-x64.Deploy.0 = Release|Windows-x64
		{E6EA56CA-2F0C-4099-AD79-03173BF8457B}.Release|Windows-x86.ActiveCfg = Release|Windows-x86
		{E6EA56CA-2F0C-4099-AD79-03173BF8457B}.Release|Windows-x86.Build.0 = Release|Windows-x86
		{E6EA56CA-2F0C-4099-AD79-03173BF8457B}.Release|Windows-x86.Deploy.0 = Release|Windows-x86
	EndGlobalSection
	GlobalSection(SolutionProperties) = preSolution
		HideSolutionNode = FALSE
	EndGlobalSection
EndGlobal
